
Microsoft Visual Studio Solution File, Format Version 12.00
# Visual Studio 15
VisualStudioVersion = 15.0.28010.2046
MinimumVisualStudioVersion = 10.0.40219.1
Project("{9A19103F-16F7-4668-BE54-9A1E7A4F7556}") = "HW09", "HW09\HW09.csproj", "{643B3113-DBA6-4DAB-A040-3E6186D9931D}"
EndProject
Project("{FAE04EC0-301F-11D3-BF4B-00C04F79EFBC}") = "UnitTests", "UnitTests\UnitTests.csproj", "{49DDC83C-ECFD-4B7F-BFAA-7AD53A4A7791}"
EndProject
Global
	GlobalSection(SolutionConfigurationPlatforms) = preSolution
		Debug|Any CPU = Debug|Any CPU
		Release|Any CPU = Release|Any CPU
	EndGlobalSection
	GlobalSection(ProjectConfigurationPlatforms) = postSolution
		{643B3113-DBA6-4DAB-A040-3E6186D9931D}.Debug|Any CPU.ActiveCfg = Debug|Any CPU
		{643B3113-DBA6-4DAB-A040-3E6186D9931D}.Debug|Any CPU.Build.0 = Debug|Any CPU
		{643B3113-DBA6-4DAB-A040-3E6186D9931D}.Release|Any CPU.ActiveCfg = Release|Any CPU
		{643B3113-DBA6-4DAB-A040-3E6186D9931D}.Release|Any CPU.Build.0 = Release|Any CPU
		{49DDC83C-ECFD-4B7F-BFAA-7AD53A4A7791}.Debug|Any CPU.ActiveCfg = Debug|Any CPU
		{49DDC83C-ECFD-4B7F-BFAA-7AD53A4A7791}.Debug|Any CPU.Build.0 = Debug|Any CPU
		{49DDC83C-ECFD-4B7F-BFAA-7AD53A4A7791}.Release|Any CPU.ActiveCfg = Release|Any CPU
		{49DDC83C-ECFD-4B7F-BFAA-7AD53A4A7791}.Release|Any CPU.Build.0 = Release|Any CPU
	EndGlobalSection
	GlobalSection(SolutionProperties) = preSolution
		HideSolutionNode = FALSE
	EndGlobalSection
	GlobalSection(ExtensibilityGlobals) = postSolution
		SolutionGuid = {992926EC-EDC5-4B73-B437-09DDE77BAA95}
	EndGlobalSection
EndGlobal
